
Microsoft Visual Studio Solution File, Format Version 12.00
# Visual Studio Version 17
VisualStudioVersion = 17.8.34322.80
MinimumVisualStudioVersion = 10.0.40219.1
Project("{FAE04EC0-301F-11D3-BF4B-00C04F79EFBC}") = "WinFormsRecordCompany", "WinFormsRecordCompany.csproj", "{228233C7-0C60-4E2A-8CB7-001A3E5156D5}"
EndProject
Global
	GlobalSection(SolutionConfigurationPlatforms) = preSolution
		Debug|Any CPU = Debug|Any CPU
		Release|Any CPU = Release|Any CPU
	EndGlobalSection
	GlobalSection(ProjectConfigurationPlatforms) = postSolution
		{228233C7-0C60-4E2A-8CB7-001A3E5156D5}.Debug|Any CPU.ActiveCfg = Debug|Any CPU
		{228233C7-0C60-4E2A-8CB7-001A3E5156D5}.Debug|Any CPU.Build.0 = Debug|Any CPU
		{228233C7-0C60-4E2A-8CB7-001A3E5156D5}.Release|Any CPU.ActiveCfg = Release|Any CPU
		{228233C7-0C60-4E2A-8CB7-001A3E5156D5}.Release|Any CPU.Build.0 = Release|Any CPU
	EndGlobalSection
	GlobalSection(SolutionProperties) = preSolution
		HideSolutionNode = FALSE
	EndGlobalSection
	GlobalSection(ExtensibilityGlobals) = postSolution
		SolutionGuid = {38C9C96F-C93B-440E-8EA6-2EE221736773}
	EndGlobalSection
EndGlobal
